PODS:
  - Alamofire (4.7.3)
  - AlamofireImage (3.4.1):
    - Alamofire (~> 4.7)
  - AXPhotoViewer (1.6.1):
    - AXPhotoViewer/Core (= 1.6.1)
  - AXPhotoViewer/Core (1.6.1):
    - AXStateButton (>= 1.1.3)
    - FLAnimatedImage (>= 1.0.0)
    - FLAnimatedImage-tvOS (>= 1.0.16)
  - AXStateButton (1.1.4)
  - Crashlytics (3.10.9):
    - Fabric (~> 1.7.13)
  - Fabric (1.7.13)
  - Firebase/Core (5.10.0):
    - Firebase/CoreOnly
    - FirebaseAnalytics (= 5.2.0)
  - Firebase/CoreOnly (5.10.0):
    - FirebaseCore (= 5.1.5)
  - Firebase/Database (5.10.0):
    - Firebase/CoreOnly
    - FirebaseDatabase (= 5.0.3)
  - FirebaseAnalytics (5.2.0):
    - FirebaseCore (~> 5.1)
    - FirebaseInstanceID (~> 3.2)
    - GoogleAppMeasurement (~> 5.2)
    - GoogleUtilities/AppDelegateSwizzler (~> 5.2)
    - GoogleUtilities/MethodSwizzler (~> 5.2)
    - GoogleUtilities/Network (~> 5.2)
    - "GoogleUtilities/NSData+zlib (~> 5.2)"
    - nanopb (~> 0.3)
  - FirebaseCore (5.1.5):
    - GoogleUtilities/Logger (~> 5.2)
  - FirebaseDatabase (5.0.3):
    - FirebaseCore (~> 5.0)
    - leveldb-library (~> 1.18)
  - FirebaseInstanceID (3.2.2):
    - FirebaseCore (~> 5.1)
    - GoogleUtilities/Environment (~> 5.3)
    - GoogleUtilities/UserDefaults (~> 5.3)
  - FLAnimatedImage (1.0.12)
  - GoogleAppMeasurement (5.2.0):
    - GoogleUtilities/AppDelegateSwizzler (~> 5.2)
    - GoogleUtilities/MethodSwizzler (~> 5.2)
    - GoogleUtilities/Network (~> 5.2)
    - "GoogleUtilities/NSData+zlib (~> 5.2)"
    - nanopb (~> 0.3)
  - GoogleUtilities/AppDelegateSwizzler (5.3.3):
    - GoogleUtilities/Environment
    - GoogleUtilities/Logger
    - GoogleUtilities/Network
  - GoogleUtilities/Environment (5.3.3)
  - GoogleUtilities/Logger (5.3.3):
    - GoogleUtilities/Environment
  - GoogleUtilities/MethodSwizzler (5.3.3):
    - GoogleUtilities/Logger
  - GoogleUtilities/Network (5.3.3):
    - GoogleUtilities/Logger
    - "GoogleUtilities/NSData+zlib"
    - GoogleUtilities/Reachability
  - "GoogleUtilities/NSData+zlib (5.3.3)"
  - GoogleUtilities/Reachability (5.3.3):
    - GoogleUtilities/Logger
  - GoogleUtilities/UserDefaults (5.3.3):
    - GoogleUtilities/Logger
  - IGListKit (3.4.0):
    - IGListKit/Default (= 3.4.0)
  - IGListKit/Default (3.4.0):
    - IGListKit/Diffing
  - IGListKit/Diffing (3.4.0)
  - leveldb-library (1.20)
  - libnestegg (0.3)
  - libogg (1.3.3)
  - libopus (1.1):
    - libopus/float (= 1.1)
  - libopus/float (1.1)
  - libvorbis (1.3.5):
    - libogg (>= 1.0)
  - libvpx (1.7.0)
  - Moya (11.0.2):
    - Moya/Core (= 11.0.2)
  - Moya/Core (11.0.2):
    - Alamofire (~> 4.1)
    - Result (~> 3.0)
  - Moya/RxSwift (11.0.2):
    - Moya/Core
    - RxSwift (~> 4.0)
  - nanopb (0.3.8):
    - nanopb/decode (= 0.3.8)
    - nanopb/encode (= 0.3.8)
  - nanopb/decode (0.3.8)
  - nanopb/encode (0.3.8)
  - OGVKit/Core (0.5.13)
  - OGVKit/OpusDecoder (0.5.13):
    - libopus
    - OGVKit/Core
  - OGVKit/VorbisDecoder (0.5.13):
    - libvorbis
    - OGVKit/Core
  - OGVKit/VP8Decoder (0.5.13):
    - libvpx (~> 1.7.0)
    - OGVKit/Core
  - OGVKit/WebM (0.5.13):
    - OGVKit/WebM/Opus (= 0.5.13)
    - OGVKit/WebM/Vorbis (= 0.5.13)
    - OGVKit/WebM/VP8 (= 0.5.13)
  - OGVKit/WebM/Opus (0.5.13):
    - OGVKit/OpusDecoder
    - OGVKit/WebMDemuxer
  - OGVKit/WebM/Vorbis (0.5.13):
    - OGVKit/VorbisDecoder
    - OGVKit/WebMDemuxer
  - OGVKit/WebM/VP8 (0.5.13):
    - OGVKit/VorbisDecoder
    - OGVKit/VP8Decoder
    - OGVKit/WebMDemuxer
  - OGVKit/WebMDemuxer (0.5.13):
    - libnestegg (~> 0.2)
    - OGVKit/Core
  - Result (3.2.4)
  - RIBs (0.9.1):
    - RxSwift (~> 4.0)
  - RxCocoa (4.3.1):
    - RxSwift (~> 4.0)
  - RxSwift (4.3.1)
  - SnapKit (4.0.1)
  - SwiftyUserDefaults (4.0.0-alpha.1)

DEPENDENCIES:
  - Alamofire
  - AlamofireImage
  - AXPhotoViewer
  - Crashlytics
  - Fabric
  - Firebase/Core
  - Firebase/Database
  - IGListKit (~> 3.0)
  - Moya
  - Moya/RxSwift
  - OGVKit/WebM
  - RIBs
  - RxCocoa
  - RxSwift
  - SnapKit
  - SwiftyUserDefaults (= 4.0.0-alpha.1)

SPEC REPOS:
  https://github.com/brion/OGVKit-Specs.git:
    - libnestegg
    - libogg
    - libvorbis
    - libvpx
    - OGVKit
  https://github.com/cocoapods/specs.git:
    - Alamofire
    - AlamofireImage
    - AXPhotoViewer
    - AXStateButton
    - Crashlytics
    - Fabric
    - Firebase
    - FirebaseAnalytics
    - FirebaseCore
    - FirebaseDatabase
    - FirebaseInstanceID
    - FLAnimatedImage
    - GoogleAppMeasurement
    - GoogleUtilities
    - IGListKit
    - leveldb-library
    - libopus
    - Moya
    - nanopb
    - Result
    - RIBs
    - RxCocoa
    - RxSwift
    - SnapKit
    - SwiftyUserDefaults

SPEC CHECKSUMS:
  Alamofire: c7287b6e5d7da964a70935e5db17046b7fde6568
  AlamofireImage: 78d67ccbb763d87ba44b21583d2153500a195630
  AXPhotoViewer: 45d93a29d097e8bf4c07a6f3dedb4fa155dfbb51
  AXStateButton: 6c515a433e37551505046429b5be04c12daa8c07
  Crashlytics: 55e24fc23989680285a21cb1146578d9d18e432c
  Fabric: 25d0963b691fc97be566392243ff0ecef5a68338
  Firebase: 6691d47562a780c26281ce8464518faafc90c610
  FirebaseAnalytics: 831f1f127f4a75698e9875a87bf7e2668730d953
  FirebaseCore: c6079de64c1a87000e52e9b408dddcadc901177f
  FirebaseDatabase: e2bcbc106adc4b11a2da3ec2eb63c0c4a44f2f54
  FirebaseInstanceID: 78ba376fcd5b94c001f9999b2cbd3d1f1e56e78d
  FLAnimatedImage: 4a0b56255d9b05f18b6dd7ee06871be5d3b89e31
  GoogleAppMeasurement: 2b3a023a61239c8d002e6e4fcf4abce8eddce0e0
  GoogleUtilities: 8208aee3e97a1ae93d44c57e96c476a5a3b03f0a
  IGListKit: 7a5d788e9fb746bcd402baa8e8b24bc3bd2a5a07
  leveldb-library: 08cba283675b7ed2d99629a4bc5fd052cd2bb6a5
  libnestegg: 851afa1dc38c810bb18fa6459c39aa124abd7fc0
  libogg: 35e313159a7270931d0f0f208c2d5f60bc05399b
  libopus: ad5f060dcb8f30f139777244d70f9111f1c80863
  libvorbis: b2c6a2c2bb22447d80403981185b213cf688fae7
  libvpx: 5abeaf729fa406fd65ae1c19adcf00329c40e02a
  Moya: a725035953bc1c0eb1be505ab903984501d82440
  nanopb: 5601e6bca2dbf1ed831b519092ec110f66982ca3
  OGVKit: 0e63492407aa2f3734ff18670ca09ecfe63d34e7
  Result: d2d07204ce72856f1fd9130bbe42c35a7b0fea10
  RIBs: 879184fbca567425c488d6b3d14a9c5abfbf9d47
  RxCocoa: 78763c7b07d02455598d9fc3c1ad091a28b73635
  RxSwift: fe0fd770a43acdb7d0a53da411c9b892e69bb6e4
  SnapKit: 0de968a9fec17499afa29683b05d0c775b6d1c29
  SwiftyUserDefaults: cebe0ff9472f52699772a514b6f7155861d8069b

PODFILE CHECKSUM: 866b70a4704306cc55b845272481f0697811c2f0

COCOAPODS: 1.5.3
